
Microsoft Visual Studio Solution File, Format Version 12.00
# Visual Studio Version 17
VisualStudioVersion = 17.13.35931.197 d17.13
MinimumVisualStudioVersion = 10.0.40219.1
Project("{8BC9CEB8-8B4A-11D0-8D11-00A0C91BC942}") = "AIM_GAME", "AIM_GAME.vcxproj", "{43AC86A7-3AA1-4DED-B0B1-FD1B84AF058E}"
EndProject
Global
	GlobalSection(SolutionConfigurationPlatforms) = preSolution
		Debug|x64 = Debug|x64
		Debug|x86 = Debug|x86
		Release|x64 = Release|x64
		Release|x86 = Release|x86
	EndGlobalSection
	GlobalSection(ProjectConfigurationPlatforms) = postSolution
		{43AC86A7-3AA1-4DED-B0B1-FD1B84AF058E}.Debug|x64.ActiveCfg = Debug|x64
		{43AC86A7-3AA1-4DED-B0B1-FD1B84AF058E}.Debug|x64.Build.0 = Debug|x64
		{43AC86A7-3AA1-4DED-B0B1-FD1B84AF058E}.Debug|x86.ActiveCfg = Debug|Win32
		{43AC86A7-3AA1-4DED-B0B1-FD1B84AF058E}.Debug|x86.Build.0 = Debug|Win32
		{43AC86A7-3AA1-4DED-B0B1-FD1B84AF058E}.Release|x64.ActiveCfg = Release|x64
		{43AC86A7-3AA1-4DED-B0B1-FD1B84AF058E}.Release|x64.Build.0 = Release|x64
		{43AC86A7-3AA1-4DED-B0B1-FD1B84AF058E}.Release|x86.ActiveCfg = Release|Win32
		{43AC86A7-3AA1-4DED-B0B1-FD1B84AF058E}.Release|x86.Build.0 = Release|Win32
	EndGlobalSection
	GlobalSection(SolutionProperties) = preSolution
		HideSolutionNode = FALSE
	EndGlobalSection
	GlobalSection(ExtensibilityGlobals) = postSolution
		SolutionGuid = {C7A89CA6-B43F-4243-8D2A-3CCE9EDF48E2}
	EndGlobalSection
EndGlobal
